// !$*UTF8*$!
{
	archiveVersion = 1;
	classes = {
	};
	objectVersion = 50;
	objects = {

/* Begin PBXBuildFile section */
		1D2873842441AA4700128009 /* AppDelegate.swift in Sources */ = {isa = PBXBuildFile; fileRef = 1D2873832441AA4700128009 /* AppDelegate.swift */; };
		1D28738D2441AA4800128009 /* Assets.xcassets in Resources */ = {isa = PBXBuildFile; fileRef = 1D28738C2441AA4800128009 /* Assets.xcassets */; };
		1D2873902441AA4900128009 /* LaunchScreen.storyboard in Resources */ = {isa = PBXBuildFile; fileRef = 1D28738E2441AA4800128009 /* LaunchScreen.storyboard */; };
		1D28739B2441AA4900128009 /* KoordinatorTests.swift in Sources */ = {isa = PBXBuildFile; fileRef = 1D28739A2441AA4900128009 /* KoordinatorTests.swift */; };
		1D2873A72441AA6E00128009 /* Presenter.swift in Sources */ = {isa = PBXBuildFile; fileRef = 1D2873A62441AA6E00128009 /* Presenter.swift */; };
		1D3B7CC22441ADA500F940A8 /* DemoTabBarCoordinator.swift in Sources */ = {isa = PBXBuildFile; fileRef = 1D3B7CC12441ADA500F940A8 /* DemoTabBarCoordinator.swift */; };
		1D3B7CD32441E0BC00F940A8 /* BaseViewController.swift in Sources */ = {isa = PBXBuildFile; fileRef = 1D3B7CD22441E0BC00F940A8 /* BaseViewController.swift */; };
		1D3B7CD52441EA5100F940A8 /* BaseCoordinator.swift in Sources */ = {isa = PBXBuildFile; fileRef = 1D3B7CD42441EA5100F940A8 /* BaseCoordinator.swift */; };
		1DFE049624435B010003A94C /* Koordinator.swift in Sources */ = {isa = PBXBuildFile; fileRef = 1DFE049524435B010003A94C /* Koordinator.swift */; };
		1DFE049924436FB90003A94C /* DemoFunnelViewController.swift in Sources */ = {isa = PBXBuildFile; fileRef = 1DFE049824436FB90003A94C /* DemoFunnelViewController.swift */; };
		1DFE049B24436FE50003A94C /* DemoFunnelCoordinator.swift in Sources */ = {isa = PBXBuildFile; fileRef = 1DFE049A24436FE50003A94C /* DemoFunnelCoordinator.swift */; };
/* End PBXBuildFile section */

/* Begin PBXContainerItemProxy section */
		1D2873972441AA4900128009 /* PBXContainerItemProxy */ = {
			isa = PBXContainerItemProxy;
			containerPortal = 1D2873782441AA4700128009 /* Project object */;
			proxyType = 1;
			remoteGlobalIDString = 1D28737F2441AA4700128009;
			remoteInfo = Koordinator;
		};
/* End PBXContainerItemProxy section */

/* Begin PBXFileReference section */
		1D2873802441AA4700128009 /* KoordinatorApp.app */ = {isa = PBXFileReference; explicitFileType = wrapper.application; includeInIndex = 0; path = KoordinatorApp.app; sourceTree = BUILT_PRODUCTS_DIR; };
		1D2873832441AA4700128009 /* AppDelegate.swift */ = {isa = PBXFileReference; lastKnownFileType = sourcecode.swift; path = AppDelegate.swift; sourceTree = "<group>"; };
		1D28738C2441AA4800128009 /* Assets.xcassets */ = {isa = PBXFileReference; lastKnownFileType = folder.assetcatalog; path = Assets.xcassets; sourceTree = "<group>"; };
		1D28738F2441AA4900128009 /* Base */ = {isa = PBXFileReference; lastKnownFileType = file.storyboard; name = Base; path = Base.lproj/LaunchScreen.storyboard; sourceTree = "<group>"; };
		1D2873912441AA4900128009 /* Info.plist */ = {isa = PBXFileReference; lastKnownFileType = text.plist.xml; path = Info.plist; sourceTree = "<group>"; };
		1D2873962441AA4900128009 /* KoordinatorAppTests.xctest */ = {isa = PBXFileReference; explicitFileType = wrapper.cfbundle; includeInIndex = 0; path = KoordinatorAppTests.xctest; sourceTree = BUILT_PRODUCTS_DIR; };
		1D28739A2441AA4900128009 /* KoordinatorTests.swift */ = {isa = PBXFileReference; lastKnownFileType = sourcecode.swift; path = KoordinatorTests.swift; sourceTree = "<group>"; };
		1D28739C2441AA4900128009 /* Info.plist */ = {isa = PBXFileReference; lastKnownFileType = text.plist.xml; path = Info.plist; sourceTree = "<group>"; };
		1D2873A62441AA6E00128009 /* Presenter.swift */ = {isa = PBXFileReference; lastKnownFileType = sourcecode.swift; path = Presenter.swift; sourceTree = "<group>"; };
		1D3B7CC12441ADA500F940A8 /* DemoTabBarCoordinator.swift */ = {isa = PBXFileReference; lastKnownFileType = sourcecode.swift; path = DemoTabBarCoordinator.swift; sourceTree = "<group>"; };
		1D3B7CD22441E0BC00F940A8 /* BaseViewController.swift */ = {isa = PBXFileReference; lastKnownFileType = sourcecode.swift; path = BaseViewController.swift; sourceTree = "<group>"; };
		1D3B7CD42441EA5100F940A8 /* BaseCoordinator.swift */ = {isa = PBXFileReference; lastKnownFileType = sourcecode.swift; path = BaseCoordinator.swift; sourceTree = "<group>"; };
		1DFE049524435B010003A94C /* Koordinator.swift */ = {isa = PBXFileReference; lastKnownFileType = sourcecode.swift; path = Koordinator.swift; sourceTree = "<group>"; };
		1DFE049824436FB90003A94C /* DemoFunnelViewController.swift */ = {isa = PBXFileReference; lastKnownFileType = sourcecode.swift; path = DemoFunnelViewController.swift; sourceTree = "<group>"; };
		1DFE049A24436FE50003A94C /* DemoFunnelCoordinator.swift */ = {isa = PBXFileReference; lastKnownFileType = sourcecode.swift; path = DemoFunnelCoordinator.swift; sourceTree = "<group>"; };
/* End PBXFileReference section */

/* Begin PBXFrameworksBuildPhase section */
		1D28737D2441AA4700128009 /* Frameworks */ = {
			isa = PBXFrameworksBuildPhase;
			buildActionMask = 2147483647;
			files = (
			);
			runOnlyForDeploymentPostprocessing = 0;
		};
		1D2873932441AA4900128009 /* Frameworks */ = {
			isa = PBXFrameworksBuildPhase;
			buildActionMask = 2147483647;
			files = (
			);
			runOnlyForDeploymentPostprocessing = 0;
		};
/* End PBXFrameworksBuildPhase section */

/* Begin PBXGroup section */
		1D2873772441AA4700128009 = {
			isa = PBXGroup;
			children = (
				1D2873822441AA4700128009 /* KoordinatorApp */,
				1D2873992441AA4900128009 /* KoordinatorTests */,
				1D2873812441AA4700128009 /* Products */,
			);
			sourceTree = "<group>";
		};
		1D2873812441AA4700128009 /* Products */ = {
			isa = PBXGroup;
			children = (
				1D2873802441AA4700128009 /* KoordinatorApp.app */,
				1D2873962441AA4900128009 /* KoordinatorAppTests.xctest */,
			);
			name = Products;
			sourceTree = "<group>";
		};
		1D2873822441AA4700128009 /* KoordinatorApp */ = {
			isa = PBXGroup;
			children = (
				1D2873832441AA4700128009 /* AppDelegate.swift */,
				1D3B7CC12441ADA500F940A8 /* DemoTabBarCoordinator.swift */,
				1DFE049A24436FE50003A94C /* DemoFunnelCoordinator.swift */,
				1DFE049824436FB90003A94C /* DemoFunnelViewController.swift */,
				1D2873A52441AA5D00128009 /* Framework */,
				1D2873A82441AAB200128009 /* Resources */,
			);
			path = KoordinatorApp;
			sourceTree = "<group>";
		};
		1D2873992441AA4900128009 /* KoordinatorTests */ = {
			isa = PBXGroup;
			children = (
				1D28739A2441AA4900128009 /* KoordinatorTests.swift */,
				1D28739C2441AA4900128009 /* Info.plist */,
			);
			path = KoordinatorTests;
			sourceTree = "<group>";
		};
		1D2873A52441AA5D00128009 /* Framework */ = {
			isa = PBXGroup;
			children = (
				1DFE049524435B010003A94C /* Koordinator.swift */,
				1D2873A62441AA6E00128009 /* Presenter.swift */,
				1D3B7CD42441EA5100F940A8 /* BaseCoordinator.swift */,
				1D3B7CD22441E0BC00F940A8 /* BaseViewController.swift */,
			);
			path = Framework;
			sourceTree = "<group>";
		};
		1D2873A82441AAB200128009 /* Resources */ = {
			isa = PBXGroup;
			children = (
				1D28738C2441AA4800128009 /* Assets.xcassets */,
				1D28738E2441AA4800128009 /* LaunchScreen.storyboard */,
				1D2873912441AA4900128009 /* Info.plist */,
			);
			path = Resources;
			sourceTree = "<group>";
		};
/* End PBXGroup section */

/* Begin PBXNativeTarget section */
		1D28737F2441AA4700128009 /* KoordinatorApp */ = {
			isa = PBXNativeTarget;
			buildConfigurationList = 1D28739F2441AA4900128009 /* Build configuration list for PBXNativeTarget "KoordinatorApp" */;
			buildPhases = (
				1D28737C2441AA4700128009 /* Sources */,
				1D28737D2441AA4700128009 /* Frameworks */,
				1D28737E2441AA4700128009 /* Resources */,
			);
			buildRules = (
			);
			dependencies = (
			);
			name = KoordinatorApp;
			productName = Koordinator;
			productReference = 1D2873802441AA4700128009 /* KoordinatorApp.app */;
			productType = "com.apple.product-type.application";
		};
		1D2873952441AA4900128009 /* KoordinatorAppTests */ = {
			isa = PBXNativeTarget;
			buildConfigurationList = 1D2873A22441AA4900128009 /* Build configuration list for PBXNativeTarget "KoordinatorAppTests" */;
			buildPhases = (
				1D2873922441AA4900128009 /* Sources */,
				1D2873932441AA4900128009 /* Frameworks */,
				1D2873942441AA4900128009 /* Resources */,
			);
			buildRules = (
			);
			dependencies = (
				1D2873982441AA4900128009 /* PBXTargetDependency */,
			);
			name = KoordinatorAppTests;
			productName = KoordinatorTests;
			productReference = 1D2873962441AA4900128009 /* KoordinatorAppTests.xctest */;
			productType = "com.apple.product-type.bundle.unit-test";
		};
/* End PBXNativeTarget section */

/* Begin PBXProject section */
		1D2873782441AA4700128009 /* Project object */ = {
			isa = PBXProject;
			attributes = {
				LastSwiftUpdateCheck = 1140;
				LastUpgradeCheck = 1140;
				ORGANIZATIONNAME = mugx;
				TargetAttributes = {
					1D28737F2441AA4700128009 = {
						CreatedOnToolsVersion = 11.4;
					};
					1D2873952441AA4900128009 = {
						CreatedOnToolsVersion = 11.4;
						TestTargetID = 1D28737F2441AA4700128009;
					};
				};
			};
			buildConfigurationList = 1D28737B2441AA4700128009 /* Build configuration list for PBXProject "KoordinatorApp" */;
			compatibilityVersion = "Xcode 9.3";
			developmentRegion = en;
			hasScannedForEncodings = 0;
			knownRegions = (
				en,
				Base,
			);
			mainGroup = 1D2873772441AA4700128009;
			productRefGroup = 1D2873812441AA4700128009 /* Products */;
			projectDirPath = "";
			projectRoot = "";
			targets = (
				1D28737F2441AA4700128009 /* KoordinatorApp */,
				1D2873952441AA4900128009 /* KoordinatorAppTests */,
			);
		};
/* End PBXProject section */

/* Begin PBXResourcesBuildPhase section */
		1D28737E2441AA4700128009 /* Resources */ = {
			isa = PBXResourcesBuildPhase;
			buildActionMask = 2147483647;
			files = (
				1D2873902441AA4900128009 /* LaunchScreen.storyboard in Resources */,
				1D28738D2441AA4800128009 /* Assets.xcassets in Resources */,
			);
			runOnlyForDeploymentPostprocessing = 0;
		};
		1D2873942441AA4900128009 /* Resources */ = {
			isa = PBXResourcesBuildPhase;
			buildActionMask = 2147483647;
			files = (
			);
			runOnlyForDeploymentPostprocessing = 0;
		};
/* End PBXResourcesBuildPhase section */

/* Begin PBXSourcesBuildPhase section */
		1D28737C2441AA4700128009 /* Sources */ = {
			isa = PBXSourcesBuildPhase;
			buildActionMask = 2147483647;
			files = (
				1D3B7CD52441EA5100F940A8 /* BaseCoordinator.swift in Sources */,
				1DFE049624435B010003A94C /* Koordinator.swift in Sources */,
				1D2873A72441AA6E00128009 /* Presenter.swift in Sources */,
				1DFE049924436FB90003A94C /* DemoFunnelViewController.swift in Sources */,
				1D3B7CC22441ADA500F940A8 /* DemoTabBarCoordinator.swift in Sources */,
				1D2873842441AA4700128009 /* AppDelegate.swift in Sources */,
				1DFE049B24436FE50003A94C /* DemoFunnelCoordinator.swift in Sources */,
				1D3B7CD32441E0BC00F940A8 /* BaseViewController.swift in Sources */,
			);
			runOnlyForDeploymentPostprocessing = 0;
		};
		1D2873922441AA4900128009 /* Sources */ = {
			isa = PBXSourcesBuildPhase;
			buildActionMask = 2147483647;
			files = (
				1D28739B2441AA4900128009 /* KoordinatorTests.swift in Sources */,
			);
			runOnlyForDeploymentPostprocessing = 0;
		};
/* End PBXSourcesBuildPhase section */

/* Begin PBXTargetDependency section */
		1D2873982441AA4900128009 /* PBXTargetDependency */ = {
			isa = PBXTargetDependency;
			target = 1D28737F2441AA4700128009 /* KoordinatorApp */;
			targetProxy = 1D2873972441AA4900128009 /* PBXContainerItemProxy */;
		};
/* End PBXTargetDependency section */

/* Begin PBXVariantGroup section */
		1D28738E2441AA4800128009 /* LaunchScreen.storyboard */ = {
			isa = PBXVariantGroup;
			children = (
				1D28738F2441AA4900128009 /* Base */,
			);
			name = LaunchScreen.storyboard;
			sourceTree = "<group>";
		};
/* End PBXVariantGroup section */

/* Begin XCBuildConfiguration section */
		1D28739D2441AA4900128009 /* Debug */ = {
			isa = XCBuildConfiguration;
			buildSettings = {
				ALWAYS_SEARCH_USER_PATHS = NO;
				CLANG_ANALYZER_NONNULL = YES;
				CLANG_ANALYZER_NUMBER_OBJECT_CONVERSION = YES_AGGRESSIVE;
				CLANG_CXX_LANGUAGE_STANDARD = "gnu++14";
				CLANG_CXX_LIBRARY = "libc++";
				CLANG_ENABLE_MODULES = YES;
				CLANG_ENABLE_OBJC_ARC = YES;
				CLANG_ENABLE_OBJC_WEAK = YES;
				CLANG_WARN_BLOCK_CAPTURE_AUTORELEASING = YES;
				CLANG_WARN_BOOL_CONVERSION = YES;
				CLANG_WARN_COMMA = YES;
				CLANG_WARN_CONSTANT_CONVERSION = YES;
				CLANG_WARN_DEPRECATED_OBJC_IMPLEMENTATIONS = YES;
				CLANG_WARN_DIRECT_OBJC_ISA_USAGE = YES_ERROR;
				CLANG_WARN_DOCUMENTATION_COMMENTS = YES;
				CLANG_WARN_EMPTY_BODY = YES;
				CLANG_WARN_ENUM_CONVERSION = YES;
				CLANG_WARN_INFINITE_RECURSION = YES;
				CLANG_WARN_INT_CONVERSION = YES;
				CLANG_WARN_NON_LITERAL_NULL_CONVERSION = YES;
				CLANG_WARN_OBJC_IMPLICIT_RETAIN_SELF = YES;
				CLANG_WARN_OBJC_LITERAL_CONVERSION = YES;
				CLANG_WARN_OBJC_ROOT_CLASS = YES_ERROR;
				CLANG_WARN_RANGE_LOOP_ANALYSIS = YES;
				CLANG_WARN_STRICT_PROTOTYPES = YES;
				CLANG_WARN_SUSPICIOUS_MOVE = YES;
				CLANG_WARN_UNGUARDED_AVAILABILITY = YES_AGGRESSIVE;
				CLANG_WARN_UNREACHABLE_CODE = YES;
				CLANG_WARN__DUPLICATE_METHOD_MATCH = YES;
				COPY_PHASE_STRIP = NO;
				DEBUG_INFORMATION_FORMAT = dwarf;
				ENABLE_STRICT_OBJC_MSGSEND = YES;
				ENABLE_TESTABILITY = YES;
				GCC_C_LANGUAGE_STANDARD = gnu11;
				GCC_DYNAMIC_NO_PIC = NO;
				GCC_NO_COMMON_BLOCKS = YES;
				GCC_OPTIMIZATION_LEVEL = 0;
				GCC_PREPROCESSOR_DEFINITIONS = (
					"DEBUG=1",
					"$(inherited)",
				);
				GCC_WARN_64_TO_32_BIT_CONVERSION = YES;
				GCC_WARN_ABOUT_RETURN_TYPE = YES_ERROR;
				GCC_WARN_UNDECLARED_SELECTOR = YES;
				GCC_WARN_UNINITIALIZED_AUTOS = YES_AGGRESSIVE;
				GCC_WARN_UNUSED_FUNCTION = YES;
				GCC_WARN_UNUSED_VARIABLE = YES;
				IPHONEOS_DEPLOYMENT_TARGET = 13.4;
				MTL_ENABLE_DEBUG_INFO = INCLUDE_SOURCE;
				MTL_FAST_MATH = YES;
				ONLY_ACTIVE_ARCH = YES;
				SDKROOT = iphoneos;
				SWIFT_ACTIVE_COMPILATION_CONDITIONS = DEBUG;
				SWIFT_OPTIMIZATION_LEVEL = "-Onone";
			};
			name = Debug;
		};
		1D28739E2441AA4900128009 /* Release */ = {
			isa = XCBuildConfiguration;
			buildSettings = {
				ALWAYS_SEARCH_USER_PATHS = NO;
				CLANG_ANALYZER_NONNULL = YES;
				CLANG_ANALYZER_NUMBER_OBJECT_CONVERSION = YES_AGGRESSIVE;
				CLANG_CXX_LANGUAGE_STANDARD = "gnu++14";
				CLANG_CXX_LIBRARY = "libc++";
				CLANG_ENABLE_MODULES = YES;
				CLANG_ENABLE_OBJC_ARC = YES;
				CLANG_ENABLE_OBJC_WEAK = YES;
				CLANG_WARN_BLOCK_CAPTURE_AUTORELEASING = YES;
				CLANG_WARN_BOOL_CONVERSION = YES;
				CLANG_WARN_COMMA = YES;
				CLANG_WARN_CONSTANT_CONVERSION = YES;
				CLANG_WARN_DEPRECATED_OBJC_IMPLEMENTATIONS = YES;
				CLANG_WARN_DIRECT_OBJC_ISA_USAGE = YES_ERROR;
				CLANG_WARN_DOCUMENTATION_COMMENTS = YES;
				CLANG_WARN_EMPTY_BODY = YES;
				CLANG_WARN_ENUM_CONVERSION = YES;
				CLANG_WARN_INFINITE_RECURSION = YES;
				CLANG_WARN_INT_CONVERSION = YES;
				CLANG_WARN_NON_LITERAL_NULL_CONVERSION = YES;
				CLANG_WARN_OBJC_IMPLICIT_RETAIN_SELF = YES;
				CLANG_WARN_OBJC_LITERAL_CONVERSION = YES;
				CLANG_WARN_OBJC_ROOT_CLASS = YES_ERROR;
				CLANG_WARN_RANGE_LOOP_ANALYSIS = YES;
				CLANG_WARN_STRICT_PROTOTYPES = YES;
				CLANG_WARN_SUSPICIOUS_MOVE = YES;
				CLANG_WARN_UNGUARDED_AVAILABILITY = YES_AGGRESSIVE;
				CLANG_WARN_UNREACHABLE_CODE = YES;
				CLANG_WARN__DUPLICATE_METHOD_MATCH = YES;
				COPY_PHASE_STRIP = NO;
				DEBUG_INFORMATION_FORMAT = "dwarf-with-dsym";
				ENABLE_NS_ASSERTIONS = NO;
				ENABLE_STRICT_OBJC_MSGSEND = YES;
				GCC_C_LANGUAGE_STANDARD = gnu11;
				GCC_NO_COMMON_BLOCKS = YES;
				GCC_WARN_64_TO_32_BIT_CONVERSION = YES;
				GCC_WARN_ABOUT_RETURN_TYPE = YES_ERROR;
				GCC_WARN_UNDECLARED_SELECTOR = YES;
				GCC_WARN_UNINITIALIZED_AUTOS = YES_AGGRESSIVE;
				GCC_WARN_UNUSED_FUNCTION = YES;
				GCC_WARN_UNUSED_VARIABLE = YES;
				IPHONEOS_DEPLOYMENT_TARGET = 13.4;
				MTL_ENABLE_DEBUG_INFO = NO;
				MTL_FAST_MATH = YES;
				SDKROOT = iphoneos;
				SWIFT_COMPILATION_MODE = wholemodule;
				SWIFT_OPTIMIZATION_LEVEL = "-O";
				VALIDATE_PRODUCT = YES;
			};
			name = Release;
		};
		1D2873A02441AA4900128009 /* Debug */ = {
			isa = XCBuildConfiguration;
			buildSettings = {
				ASSETCATALOG_COMPILER_APPICON_NAME = AppIcon;
				CODE_SIGN_STYLE = Automatic;
				DEVELOPMENT_TEAM = 8XE9QV2E26;
				INFOPLIST_FILE = KoordinatorApp/Resources/Info.plist;
				LD_RUNPATH_SEARCH_PATHS = (
					"$(inherited)",
					"@executable_path/Frameworks",
				);
				PRODUCT_BUNDLE_IDENTIFIER = mugx.Koordinator;
				PRODUCT_NAME = "$(TARGET_NAME)";
				SWIFT_VERSION = 5.0;
				TARGETED_DEVICE_FAMILY = "1,2";
			};
			name = Debug;
		};
		1D2873A12441AA4900128009 /* Release */ = {
			isa = XCBuildConfiguration;
			buildSettings = {
				ASSETCATALOG_COMPILER_APPICON_NAME = AppIcon;
				CODE_SIGN_STYLE = Automatic;
				DEVELOPMENT_TEAM = 8XE9QV2E26;
				INFOPLIST_FILE = KoordinatorApp/Resources/Info.plist;
				LD_RUNPATH_SEARCH_PATHS = (
					"$(inherited)",
					"@executable_path/Frameworks",
				);
				PRODUCT_BUNDLE_IDENTIFIER = mugx.Koordinator;
				PRODUCT_NAME = "$(TARGET_NAME)";
				SWIFT_VERSION = 5.0;
				TARGETED_DEVICE_FAMILY = "1,2";
			};
			name = Release;
		};
		1D2873A32441AA4900128009 /* Debug */ = {
			isa = XCBuildConfiguration;
			buildSettings = {
				ALWAYS_EMBED_SWIFT_STANDARD_LIBRARIES = YES;
				BUNDLE_LOADER = "$(TEST_HOST)";
				CODE_SIGN_STYLE = Automatic;
				DEVELOPMENT_TEAM = 8XE9QV2E26;
				INFOPLIST_FILE = KoordinatorTests/Info.plist;
				IPHONEOS_DEPLOYMENT_TARGET = 13.4;
				LD_RUNPATH_SEARCH_PATHS = (
					"$(inherited)",
					"@executable_path/Frameworks",
					"@loader_path/Frameworks",
				);
				PRODUCT_BUNDLE_IDENTIFIER = mugx.KoordinatorTests;
				PRODUCT_NAME = "$(TARGET_NAME)";
				SWIFT_VERSION = 5.0;
				TARGETED_DEVICE_FAMILY = "1,2";
				TEST_HOST = "$(BUILT_PRODUCTS_DIR)/KoordinatorApp.app/KoordinatorApp";
			};
			name = Debug;
		};
		1D2873A42441AA4900128009 /* Release */ = {
			isa = XCBuildConfiguration;
			buildSettings = {
				ALWAYS_EMBED_SWIFT_STANDARD_LIBRARIES = YES;
				BUNDLE_LOADER = "$(TEST_HOST)";
				CODE_SIGN_STYLE = Automatic;
				DEVELOPMENT_TEAM = 8XE9QV2E26;
				INFOPLIST_FILE = KoordinatorTests/Info.plist;
				IPHONEOS_DEPLOYMENT_TARGET = 13.4;
				LD_RUNPATH_SEARCH_PATHS = (
					"$(inherited)",
					"@executable_path/Frameworks",
					"@loader_path/Frameworks",
				);
				PRODUCT_BUNDLE_IDENTIFIER = mugx.KoordinatorTests;
				PRODUCT_NAME = "$(TARGET_NAME)";
				SWIFT_VERSION = 5.0;
				TARGETED_DEVICE_FAMILY = "1,2";
				TEST_HOST = "$(BUILT_PRODUCTS_DIR)/KoordinatorApp.app/KoordinatorApp";
			};
			name = Release;
		};
/* End XCBuildConfiguration section */

/* Begin XCConfigurationList section */
		1D28737B2441AA4700128009 /* Build configuration list for PBXProject "KoordinatorApp" */ = {
			isa = XCConfigurationList;
			buildConfigurations = (
				1D28739D2441AA4900128009 /* Debug */,
				1D28739E2441AA4900128009 /* Release */,
			);
			defaultConfigurationIsVisible = 0;
			defaultConfigurationName = Release;
		};
		1D28739F2441AA4900128009 /* Build configuration list for PBXNativeTarget "KoordinatorApp" */ = {
			isa = XCConfigurationList;
			buildConfigurations = (
				1D2873A02441AA4900128009 /* Debug */,
				1D2873A12441AA4900128009 /* Release */,
			);
			defaultConfigurationIsVisible = 0;
			defaultConfigurationName = Release;
		};
		1D2873A22441AA4900128009 /* Build configuration list for PBXNativeTarget "KoordinatorAppTests" */ = {
			isa = XCConfigurationList;
			buildConfigurations = (
				1D2873A32441AA4900128009 /* Debug */,
				1D2873A42441AA4900128009 /* Release */,
			);
			defaultConfigurationIsVisible = 0;
			defaultConfigurationName = Release;
		};
/* End XCConfigurationList section */
	};
	rootObject = 1D2873782441AA4700128009 /* Project object */;
}
